{
  "nodes": {
    "network-compiler": {
      "inputs": {
        "network-labs": "network-labs",
        "nixpkgs": [
          "network-control-plane-model",
          "network-forwarding-model",
          "nixpkgs"
        ],
        "nixpkgs-network": "nixpkgs-network"
      },
      "locked": {
        "lastModified": 1774726853,
        "narHash": "sha256-+ucaF5ExaBXA+bEVco6SFLnymWzZtzMf1V0/Fpc9aBc=",
        "owner": "esp0xdeadbeef",
        "repo": "network-compiler",
        "rev": "86c9363f3ac9641e642fb4b86cf6af6b5ad54fa3",
        "type": "github"
      },
      "original": {
        "owner": "esp0xdeadbeef",
        "repo": "network-compiler",
        "type": "github"
      }
    },
    "network-compiler_2": {
      "inputs": {
        "network-labs": "network-labs_2",
        "nixpkgs": [
          "network-forwarding-model",
          "nixpkgs"
        ],
        "nixpkgs-network": "nixpkgs-network_4"
      },
      "locked": {
        "lastModified": 1774726853,
        "narHash": "sha256-+ucaF5ExaBXA+bEVco6SFLnymWzZtzMf1V0/Fpc9aBc=",
        "owner": "esp0xdeadbeef",
        "repo": "network-compiler",
        "rev": "86c9363f3ac9641e642fb4b86cf6af6b5ad54fa3",
        "type": "github"
      },
      "original": {
        "owner": "esp0xdeadbeef",
        "repo": "network-compiler",
        "type": "github"
      }
    },
    "network-control-plane-model": {
      "inputs": {
        "network-forwarding-model": "network-forwarding-model",
        "nixpkgs": "nixpkgs",
        "nixpkgs-network": "nixpkgs-network_3"
      },
      "locked": {
        "lastModified": 1774732728,
        "narHash": "sha256-3vVbB6JEeXjf2zE35HdSoL3VU3W4ScToJXNGqRqv0/s=",
        "owner": "esp0xdeadbeef",
        "repo": "network-control-plane-model",
        "rev": "77c62bc80d448b2f4366caa2d4ca821ecc7a0f00",
        "type": "github"
      },
      "original": {
        "owner": "esp0xdeadbeef",
        "repo": "network-control-plane-model",
        "type": "github"
      }
    },
    "network-forwarding-model": {
      "inputs": {
        "network-compiler": "network-compiler",
        "nixpkgs": [
          "network-control-plane-model",
          "nixpkgs"
        ],
        "nixpkgs-network": "nixpkgs-network_2"
      },
      "locked": {
        "lastModified": 1774727608,
        "narHash": "sha256-l6CzMxC9I4w/BY7k786pS6MOX/M/F/mP0XiGy83rSTA=",
        "owner": "esp0xdeadbeef",
        "repo": "network-forwarding-model",
        "rev": "ceeccf3a55a3ed5efe69d00a1912c92bfa578cb6",
        "type": "github"
      },
      "original": {
        "owner": "esp0xdeadbeef",
        "repo": "network-forwarding-model",
        "type": "github"
      }
    },
    "network-forwarding-model_2": {
      "inputs": {
        "network-compiler": "network-compiler_2",
        "nixpkgs": [
          "nixpkgs"
        ],
        "nixpkgs-network": "nixpkgs-network_5"
      },
      "locked": {
        "lastModified": 1774727608,
        "narHash": "sha256-l6CzMxC9I4w/BY7k786pS6MOX/M/F/mP0XiGy83rSTA=",
        "owner": "esp0xdeadbeef",
        "repo": "network-forwarding-model",
        "rev": "ceeccf3a55a3ed5efe69d00a1912c92bfa578cb6",
        "type": "github"
      },
      "original": {
        "owner": "esp0xdeadbeef",
        "repo": "network-forwarding-model",
        "type": "github"
      }
    },
    "network-labs": {
      "flake": false,
      "locked": {
        "lastModified": 1774725401,
        "narHash": "sha256-jsMgnmekKjFg+59ZpIcURiBKpMS0k8VusADYqu09fYc=",
        "ref": "refs/heads/main",
        "rev": "2a797b5021a57360511797ffed7cf00a5ba158e4",
        "revCount": 13,
        "type": "git",
        "url": "ssh://git@github.com/esp0xdeadbeef/network-labs.git"
      },
      "original": {
        "type": "git",
        "url": "ssh://git@github.com/esp0xdeadbeef/network-labs.git"
      }
    },
    "network-labs_2": {
      "flake": false,
      "locked": {
        "lastModified": 1774725401,
        "narHash": "sha256-jsMgnmekKjFg+59ZpIcURiBKpMS0k8VusADYqu09fYc=",
        "ref": "refs/heads/main",
        "rev": "2a797b5021a57360511797ffed7cf00a5ba158e4",
        "revCount": 13,
        "type": "git",
        "url": "ssh://git@github.com/esp0xdeadbeef/network-labs.git"
      },
      "original": {
        "type": "git",
        "url": "ssh://git@github.com/esp0xdeadbeef/network-labs.git"
      }
    },
    "network-labs_3": {
      "flake": false,
      "locked": {
        "lastModified": 1774725401,
        "narHash": "sha256-jsMgnmekKjFg+59ZpIcURiBKpMS0k8VusADYqu09fYc=",
        "ref": "refs/heads/main",
        "rev": "2a797b5021a57360511797ffed7cf00a5ba158e4",
        "revCount": 13,
        "type": "git",
        "url": "ssh://git@github.com/esp0xdeadbeef/network-labs.git"
      },
      "original": {
        "type": "git",
        "url": "ssh://git@github.com/esp0xdeadbeef/network-labs.git"
      }
    },
    "nixos-network-compiler": {
      "inputs": {
        "network-labs": "network-labs_3",
        "nixpkgs": "nixpkgs_2",
        "nixpkgs-network": "nixpkgs-network_6"
      },
      "locked": {
        "lastModified": 1774726853,
        "narHash": "sha256-+ucaF5ExaBXA+bEVco6SFLnymWzZtzMf1V0/Fpc9aBc=",
        "owner": "esp0xdeadbeef",
        "repo": "nixos-network-compiler",
        "rev": "86c9363f3ac9641e642fb4b86cf6af6b5ad54fa3",
        "type": "github"
      },
      "original": {
        "owner": "esp0xdeadbeef",
        "repo": "nixos-network-compiler",
        "type": "github"
      }
    },
    "nixpkgs": {
      "locked": {
        "lastModified": 1774386573,
        "narHash": "sha256-4hAV26quOxdC6iyG7kYaZcM3VOskcPUrdCQd/nx8obc=",
        "owner": "NixOS",
        "repo": "nixpkgs",
        "rev": "46db2e09e1d3f113a13c0d7b81e2f221c63b8ce9",
        "type": "github"
      },
      "original": {
        "owner": "NixOS",
        "ref": "nixos-unstable",
        "repo": "nixpkgs",
        "type": "github"
      }
    },
    "nixpkgs-network": {
      "locked": {
        "lastModified": 1722112448,
        "narHash": "sha256-Ugp/K1wA7N0u0xE27YP/fvFaZqK9dYKSjJ/OoTdQ7rc=",
        "owner": "NixOS",
        "repo": "nixpkgs",
        "rev": "ac56c456ebe4901c561d3ebf1c98fbd970aea753",
        "type": "github"
      },
      "original": {
        "owner": "NixOS",
        "repo": "nixpkgs",
        "rev": "ac56c456ebe4901c561d3ebf1c98fbd970aea753",
        "type": "github"
      }
    },
    "nixpkgs-network_2": {
      "locked": {
        "lastModified": 1722112448,
        "narHash": "sha256-Ugp/K1wA7N0u0xE27YP/fvFaZqK9dYKSjJ/OoTdQ7rc=",
        "owner": "NixOS",
        "repo": "nixpkgs",
        "rev": "ac56c456ebe4901c561d3ebf1c98fbd970aea753",
        "type": "github"
      },
      "original": {
        "owner": "NixOS",
        "repo": "nixpkgs",
        "rev": "ac56c456ebe4901c561d3ebf1c98fbd970aea753",
        "type": "github"
      }
    },
    "nixpkgs-network_3": {
      "locked": {
        "lastModified": 1722112448,
        "narHash": "sha256-Ugp/K1wA7N0u0xE27YP/fvFaZqK9dYKSjJ/OoTdQ7rc=",
        "owner": "NixOS",
        "repo": "nixpkgs",
        "rev": "ac56c456ebe4901c561d3ebf1c98fbd970aea753",
        "type": "github"
      },
      "original": {
        "owner": "NixOS",
        "repo": "nixpkgs",
        "rev": "ac56c456ebe4901c561d3ebf1c98fbd970aea753",
        "type": "github"
      }
    },
    "nixpkgs-network_4": {
      "locked": {
        "lastModified": 1722112448,
        "narHash": "sha256-Ugp/K1wA7N0u0xE27YP/fvFaZqK9dYKSjJ/OoTdQ7rc=",
        "owner": "NixOS",
        "repo": "nixpkgs",
        "rev": "ac56c456ebe4901c561d3ebf1c98fbd970aea753",
        "type": "github"
      },
      "original": {
        "owner": "NixOS",
        "repo": "nixpkgs",
        "rev": "ac56c456ebe4901c561d3ebf1c98fbd970aea753",
        "type": "github"
      }
    },
    "nixpkgs-network_5": {
      "locked": {
        "lastModified": 1722112448,
        "narHash": "sha256-Ugp/K1wA7N0u0xE27YP/fvFaZqK9dYKSjJ/OoTdQ7rc=",
        "owner": "NixOS",
        "repo": "nixpkgs",
        "rev": "ac56c456ebe4901c561d3ebf1c98fbd970aea753",
        "type": "github"
      },
      "original": {
        "owner": "NixOS",
        "repo": "nixpkgs",
        "rev": "ac56c456ebe4901c561d3ebf1c98fbd970aea753",
        "type": "github"
      }
    },
    "nixpkgs-network_6": {
      "locked": {
        "lastModified": 1722112448,
        "narHash": "sha256-Ugp/K1wA7N0u0xE27YP/fvFaZqK9dYKSjJ/OoTdQ7rc=",
        "owner": "NixOS",
        "repo": "nixpkgs",
        "rev": "ac56c456ebe4901c561d3ebf1c98fbd970aea753",
        "type": "github"
      },
      "original": {
        "owner": "NixOS",
        "repo": "nixpkgs",
        "rev": "ac56c456ebe4901c561d3ebf1c98fbd970aea753",
        "type": "github"
      }
    },
    "nixpkgs_2": {
      "locked": {
        "lastModified": 1771369470,
        "narHash": "sha256-0NBlEBKkN3lufyvFegY4TYv5mCNHbi5OmBDrzihbBMQ=",
        "owner": "NixOS",
        "repo": "nixpkgs",
        "rev": "0182a361324364ae3f436a63005877674cf45efb",
        "type": "github"
      },
      "original": {
        "owner": "NixOS",
        "repo": "nixpkgs",
        "rev": "0182a361324364ae3f436a63005877674cf45efb",
        "type": "github"
      }
    },
    "nixpkgs_3": {
      "locked": {
        "lastModified": 1774386573,
        "narHash": "sha256-4hAV26quOxdC6iyG7kYaZcM3VOskcPUrdCQd/nx8obc=",
        "owner": "NixOS",
        "repo": "nixpkgs",
        "rev": "46db2e09e1d3f113a13c0d7b81e2f221c63b8ce9",
        "type": "github"
      },
      "original": {
        "owner": "NixOS",
        "ref": "nixos-unstable",
        "repo": "nixpkgs",
        "type": "github"
      }
    },
    "root": {
      "inputs": {
        "network-control-plane-model": "network-control-plane-model",
        "network-forwarding-model": "network-forwarding-model_2",
        "nixos-network-compiler": "nixos-network-compiler",
        "nixpkgs": "nixpkgs_3"
      }
    }
  },
  "root": "root",
  "version": 7
}
