{
  "nodes": {
    "network-compiler": {
      "inputs": {
        "network-labs": "network-labs",
        "nixpkgs": [
          "network-control-plane-model",
          "network-forwarding-model",
          "nixpkgs"
        ],
        "nixpkgs-network": "nixpkgs-network"
      },
      "locked": {
        "lastModified": 1778708230,
        "narHash": "sha256-1OPlC+0cxRZWYZU8LKZDVUeIu7FylOdVrpau8hEI/hE=",
        "owner": "esp0xdeadbeef",
        "repo": "network-compiler",
        "rev": "16540445a6496874d813bc001c319214cf2669c3",
        "type": "github"
      },
      "original": {
        "owner": "esp0xdeadbeef",
        "repo": "network-compiler",
        "type": "github"
      }
    },
    "network-compiler_2": {
      "inputs": {
        "network-labs": "network-labs_4",
        "nixpkgs": [
          "network-forwarding-model",
          "nixpkgs"
        ],
        "nixpkgs-network": "nixpkgs-network_4"
      },
      "locked": {
        "lastModified": 1778708230,
        "narHash": "sha256-1OPlC+0cxRZWYZU8LKZDVUeIu7FylOdVrpau8hEI/hE=",
        "owner": "esp0xdeadbeef",
        "repo": "network-compiler",
        "rev": "16540445a6496874d813bc001c319214cf2669c3",
        "type": "github"
      },
      "original": {
        "owner": "esp0xdeadbeef",
        "repo": "network-compiler",
        "type": "github"
      }
    },
    "network-control-plane-model": {
      "inputs": {
        "network-forwarding-model": "network-forwarding-model",
        "network-labs": "network-labs_3",
        "nixpkgs": "nixpkgs",
        "nixpkgs-network": "nixpkgs-network_3"
      },
      "locked": {
        "lastModified": 1778708696,
        "narHash": "sha256-pnblZlqf9Eh9P0Hh+YBoirUBoLpFlQLAv8PqDEdBIQY=",
        "owner": "esp0xdeadbeef",
        "repo": "network-control-plane-model",
        "rev": "9fcd003474c7117e8c52244ae81411a8294e493b",
        "type": "github"
      },
      "original": {
        "owner": "esp0xdeadbeef",
        "repo": "network-control-plane-model",
        "type": "github"
      }
    },
    "network-forwarding-model": {
      "inputs": {
        "network-compiler": "network-compiler",
        "network-labs": "network-labs_2",
        "nixpkgs": [
          "network-control-plane-model",
          "nixpkgs"
        ],
        "nixpkgs-network": "nixpkgs-network_2"
      },
      "locked": {
        "lastModified": 1778708600,
        "narHash": "sha256-XejAC9FAD0hWpB49dN6YC5AEqz9x/h3YUs1eP+wetTA=",
        "owner": "esp0xdeadbeef",
        "repo": "network-forwarding-model",
        "rev": "9d0e6ecaee289d876e958eccc249b4ebebe5523d",
        "type": "github"
      },
      "original": {
        "owner": "esp0xdeadbeef",
        "repo": "network-forwarding-model",
        "type": "github"
      }
    },
    "network-forwarding-model_2": {
      "inputs": {
        "network-compiler": "network-compiler_2",
        "network-labs": "network-labs_5",
        "nixpkgs": [
          "nixpkgs"
        ],
        "nixpkgs-network": "nixpkgs-network_5"
      },
      "locked": {
        "lastModified": 1778708600,
        "narHash": "sha256-XejAC9FAD0hWpB49dN6YC5AEqz9x/h3YUs1eP+wetTA=",
        "owner": "esp0xdeadbeef",
        "repo": "network-forwarding-model",
        "rev": "9d0e6ecaee289d876e958eccc249b4ebebe5523d",
        "type": "github"
      },
      "original": {
        "owner": "esp0xdeadbeef",
        "repo": "network-forwarding-model",
        "type": "github"
      }
    },
    "network-labs": {
      "flake": false,
      "locked": {
        "lastModified": 1778707700,
        "narHash": "sha256-iY9Y0oSwoMfZDQdQVzTDk7dw/KMknG68gpDeX7S2ELU=",
        "owner": "esp0xdeadbeef",
        "repo": "network-labs",
        "rev": "6cd5e6a2ba3a7c1107d833d8b6af85fb35f10052",
        "type": "github"
      },
      "original": {
        "owner": "esp0xdeadbeef",
        "repo": "network-labs",
        "type": "github"
      }
    },
    "network-labs_2": {
      "flake": false,
      "locked": {
        "lastModified": 1778707700,
        "narHash": "sha256-iY9Y0oSwoMfZDQdQVzTDk7dw/KMknG68gpDeX7S2ELU=",
        "owner": "esp0xdeadbeef",
        "repo": "network-labs",
        "rev": "6cd5e6a2ba3a7c1107d833d8b6af85fb35f10052",
        "type": "github"
      },
      "original": {
        "owner": "esp0xdeadbeef",
        "repo": "network-labs",
        "type": "github"
      }
    },
    "network-labs_3": {
      "locked": {
        "lastModified": 1778707700,
        "narHash": "sha256-iY9Y0oSwoMfZDQdQVzTDk7dw/KMknG68gpDeX7S2ELU=",
        "owner": "esp0xdeadbeef",
        "repo": "network-labs",
        "rev": "6cd5e6a2ba3a7c1107d833d8b6af85fb35f10052",
        "type": "github"
      },
      "original": {
        "owner": "esp0xdeadbeef",
        "repo": "network-labs",
        "type": "github"
      }
    },
    "network-labs_4": {
      "flake": false,
      "locked": {
        "lastModified": 1778707700,
        "narHash": "sha256-iY9Y0oSwoMfZDQdQVzTDk7dw/KMknG68gpDeX7S2ELU=",
        "owner": "esp0xdeadbeef",
        "repo": "network-labs",
        "rev": "6cd5e6a2ba3a7c1107d833d8b6af85fb35f10052",
        "type": "github"
      },
      "original": {
        "owner": "esp0xdeadbeef",
        "repo": "network-labs",
        "type": "github"
      }
    },
    "network-labs_5": {
      "flake": false,
      "locked": {
        "lastModified": 1778707700,
        "narHash": "sha256-iY9Y0oSwoMfZDQdQVzTDk7dw/KMknG68gpDeX7S2ELU=",
        "owner": "esp0xdeadbeef",
        "repo": "network-labs",
        "rev": "6cd5e6a2ba3a7c1107d833d8b6af85fb35f10052",
        "type": "github"
      },
      "original": {
        "owner": "esp0xdeadbeef",
        "repo": "network-labs",
        "type": "github"
      }
    },
    "network-labs_6": {
      "locked": {
        "lastModified": 1778707700,
        "narHash": "sha256-iY9Y0oSwoMfZDQdQVzTDk7dw/KMknG68gpDeX7S2ELU=",
        "owner": "esp0xdeadbeef",
        "repo": "network-labs",
        "rev": "6cd5e6a2ba3a7c1107d833d8b6af85fb35f10052",
        "type": "github"
      },
      "original": {
        "owner": "esp0xdeadbeef",
        "repo": "network-labs",
        "type": "github"
      }
    },
    "network-labs_7": {
      "flake": false,
      "locked": {
        "lastModified": 1778698747,
        "narHash": "sha256-3sY0xSrXQQ+Jdes4oszXi6HM+fZsEOyVH9jDs3L57gk=",
        "owner": "esp0xdeadbeef",
        "repo": "network-labs",
        "rev": "571c25df4ab85cf043b473f8022249d28072de63",
        "type": "github"
      },
      "original": {
        "owner": "esp0xdeadbeef",
        "repo": "network-labs",
        "type": "github"
      }
    },
    "nixos-network-compiler": {
      "inputs": {
        "network-labs": "network-labs_7",
        "nixpkgs": "nixpkgs_2",
        "nixpkgs-network": "nixpkgs-network_6"
      },
      "locked": {
        "lastModified": 1778698789,
        "narHash": "sha256-S8ImQ859f0onJxHPbjEDKNOV57GfwfAA8S2Oun7VUUc=",
        "owner": "esp0xdeadbeef",
        "repo": "nixos-network-compiler",
        "rev": "f1f54b4c172e596e186a1861dbe4a6c46d496be9",
        "type": "github"
      },
      "original": {
        "owner": "esp0xdeadbeef",
        "repo": "nixos-network-compiler",
        "type": "github"
      }
    },
    "nixpkgs": {
      "locked": {
        "lastModified": 1777954456,
        "narHash": "sha256-hGdgeU2Nk87RAuZyYjyDjFL6LK7dAZN5RE9+hrDTkDU=",
        "owner": "NixOS",
        "repo": "nixpkgs",
        "rev": "549bd84d6279f9852cae6225e372cc67fb91a4c1",
        "type": "github"
      },
      "original": {
        "owner": "NixOS",
        "ref": "nixos-unstable",
        "repo": "nixpkgs",
        "type": "github"
      }
    },
    "nixpkgs-network": {
      "locked": {
        "lastModified": 1722112448,
        "narHash": "sha256-Ugp/K1wA7N0u0xE27YP/fvFaZqK9dYKSjJ/OoTdQ7rc=",
        "owner": "NixOS",
        "repo": "nixpkgs",
        "rev": "ac56c456ebe4901c561d3ebf1c98fbd970aea753",
        "type": "github"
      },
      "original": {
        "owner": "NixOS",
        "repo": "nixpkgs",
        "rev": "ac56c456ebe4901c561d3ebf1c98fbd970aea753",
        "type": "github"
      }
    },
    "nixpkgs-network_2": {
      "locked": {
        "lastModified": 1722112448,
        "narHash": "sha256-Ugp/K1wA7N0u0xE27YP/fvFaZqK9dYKSjJ/OoTdQ7rc=",
        "owner": "NixOS",
        "repo": "nixpkgs",
        "rev": "ac56c456ebe4901c561d3ebf1c98fbd970aea753",
        "type": "github"
      },
      "original": {
        "owner": "NixOS",
        "repo": "nixpkgs",
        "rev": "ac56c456ebe4901c561d3ebf1c98fbd970aea753",
        "type": "github"
      }
    },
    "nixpkgs-network_3": {
      "locked": {
        "lastModified": 1722112448,
        "narHash": "sha256-Ugp/K1wA7N0u0xE27YP/fvFaZqK9dYKSjJ/OoTdQ7rc=",
        "owner": "NixOS",
        "repo": "nixpkgs",
        "rev": "ac56c456ebe4901c561d3ebf1c98fbd970aea753",
        "type": "github"
      },
      "original": {
        "owner": "NixOS",
        "repo": "nixpkgs",
        "rev": "ac56c456ebe4901c561d3ebf1c98fbd970aea753",
        "type": "github"
      }
    },
    "nixpkgs-network_4": {
      "locked": {
        "lastModified": 1722112448,
        "narHash": "sha256-Ugp/K1wA7N0u0xE27YP/fvFaZqK9dYKSjJ/OoTdQ7rc=",
        "owner": "NixOS",
        "repo": "nixpkgs",
        "rev": "ac56c456ebe4901c561d3ebf1c98fbd970aea753",
        "type": "github"
      },
      "original": {
        "owner": "NixOS",
        "repo": "nixpkgs",
        "rev": "ac56c456ebe4901c561d3ebf1c98fbd970aea753",
        "type": "github"
      }
    },
    "nixpkgs-network_5": {
      "locked": {
        "lastModified": 1722112448,
        "narHash": "sha256-Ugp/K1wA7N0u0xE27YP/fvFaZqK9dYKSjJ/OoTdQ7rc=",
        "owner": "NixOS",
        "repo": "nixpkgs",
        "rev": "ac56c456ebe4901c561d3ebf1c98fbd970aea753",
        "type": "github"
      },
      "original": {
        "owner": "NixOS",
        "repo": "nixpkgs",
        "rev": "ac56c456ebe4901c561d3ebf1c98fbd970aea753",
        "type": "github"
      }
    },
    "nixpkgs-network_6": {
      "locked": {
        "lastModified": 1722112448,
        "narHash": "sha256-Ugp/K1wA7N0u0xE27YP/fvFaZqK9dYKSjJ/OoTdQ7rc=",
        "owner": "NixOS",
        "repo": "nixpkgs",
        "rev": "ac56c456ebe4901c561d3ebf1c98fbd970aea753",
        "type": "github"
      },
      "original": {
        "owner": "NixOS",
        "repo": "nixpkgs",
        "rev": "ac56c456ebe4901c561d3ebf1c98fbd970aea753",
        "type": "github"
      }
    },
    "nixpkgs_2": {
      "locked": {
        "lastModified": 1771369470,
        "narHash": "sha256-0NBlEBKkN3lufyvFegY4TYv5mCNHbi5OmBDrzihbBMQ=",
        "owner": "NixOS",
        "repo": "nixpkgs",
        "rev": "0182a361324364ae3f436a63005877674cf45efb",
        "type": "github"
      },
      "original": {
        "owner": "NixOS",
        "repo": "nixpkgs",
        "rev": "0182a361324364ae3f436a63005877674cf45efb",
        "type": "github"
      }
    },
    "nixpkgs_3": {
      "locked": {
        "lastModified": 1777954456,
        "narHash": "sha256-hGdgeU2Nk87RAuZyYjyDjFL6LK7dAZN5RE9+hrDTkDU=",
        "owner": "NixOS",
        "repo": "nixpkgs",
        "rev": "549bd84d6279f9852cae6225e372cc67fb91a4c1",
        "type": "github"
      },
      "original": {
        "owner": "NixOS",
        "ref": "nixos-unstable",
        "repo": "nixpkgs",
        "type": "github"
      }
    },
    "root": {
      "inputs": {
        "network-control-plane-model": "network-control-plane-model",
        "network-forwarding-model": "network-forwarding-model_2",
        "network-labs": "network-labs_6",
        "nixos-network-compiler": "nixos-network-compiler",
        "nixpkgs": "nixpkgs_3"
      }
    }
  },
  "root": "root",
  "version": 7
}
